# This file was autogenerated by Stack.
# You should not edit this file by hand.
# For more information, please see the documentation at:
#   https://docs.haskellstack.org/en/stable/lock_files

packages:
- completed:
    hackage: reflex-0.6.2.4@sha256:ffafa543f5137a4f71a098c8ecec0dbb9b2ceaf83c1143039095ace4530d0879,9253
    pantry-tree:
      size: 4875
      sha256: c34979950fd630df2acd023232158914899e2ce10f2be532d354d87ea213df06
  original:
    hackage: reflex-0.6.2.4@sha256:ffafa543f5137a4f71a098c8ecec0dbb9b2ceaf83c1143039095ace4530d0879,9253
- completed:
    hackage: constraints-extras-0.3.0.2@sha256:bf6884be65958e9188ae3c9e5547abfd6d201df021bff8a4704c2c4fe1e1ae5b,1784
    pantry-tree:
      size: 594
      sha256: b0bcc96d375ee11b1972a2e9e8e42039b3f420b0e1c46e9c70652470445a6505
  original:
    hackage: constraints-extras-0.3.0.2@sha256:bf6884be65958e9188ae3c9e5547abfd6d201df021bff8a4704c2c4fe1e1ae5b,1784
- completed:
    hackage: dependent-map-0.3@sha256:dc745864d5116bbd59ad29100faec74c79e681d35808547023619544c0e9f9b7,1574
    pantry-tree:
      size: 551
      sha256: 33ba69f91b54e7d64953b236d1de4ac31477b5b164f2990bfce308914006eac3
  original:
    hackage: dependent-map-0.3@sha256:dc745864d5116bbd59ad29100faec74c79e681d35808547023619544c0e9f9b7,1574
- completed:
    hackage: dependent-sum-0.6.2.0@sha256:bff37c85b38e768b942f9d81c2465b63a96076f1ba006e35612aa357770807b6,1856
    pantry-tree:
      size: 474
      sha256: ad3fbed5104f9ee9c8082c9dcc8ade847674e3053572533e8d26ad1a866f1107
  original:
    hackage: dependent-sum-0.6.2.0@sha256:bff37c85b38e768b942f9d81c2465b63a96076f1ba006e35612aa357770807b6,1856
- completed:
    hackage: monoidal-containers-0.6@sha256:2a6780afb75a376aacc6233dd73e35804906ad6809b54cf28895d4a3db141b9f,2566
    pantry-tree:
      size: 569
      sha256: a54657a71ae754b21101fbad8527e18dd5971936c9cd8cc5f33b07db3653d8c4
  original:
    hackage: monoidal-containers-0.6@sha256:2a6780afb75a376aacc6233dd73e35804906ad6809b54cf28895d4a3db141b9f,2566
- completed:
    hackage: ref-tf-0.4.0.2@sha256:69de3550250e0cd69f45d080359cb314a9487c915024349c75b78732bbee9332,1134
    pantry-tree:
      size: 211
      sha256: fc5a4a35b4c782a33f452c1dc66ffa8ddbf321e2db369bd8823c796f0d4d8c7f
  original:
    hackage: ref-tf-0.4.0.2@sha256:69de3550250e0cd69f45d080359cb314a9487c915024349c75b78732bbee9332,1134
- completed:
    hackage: witherable-0.3.1@sha256:ed3d5bc9eb1c08fa9704d9e143cdf622e1bd80b847cd5ede8c07da7bc7981ab9,1313
    pantry-tree:
      size: 271
      sha256: 7077f6c0e9e973af2c7f4429bcc3af6d345c19554c1335733faccec35d4c1708
  original:
    hackage: witherable-0.3.1@sha256:ed3d5bc9eb1c08fa9704d9e143cdf622e1bd80b847cd5ede8c07da7bc7981ab9,1313
- completed:
    cabal-file:
      size: 1802
      sha256: 162da68795fa4482693319a0452371cae0e9a8c17d90129c6f57a125a6e4efca
    name: servant-reflex
    version: 0.3.4
    git: https://github.com/imalsogreg/servant-reflex.git
    pantry-tree:
      size: 2141
      sha256: daf9a320ce384b8085a1bea9133436c3d81d59f6b0033f7dff7d7b42bbed5bad
    commit: 9310745a99c670ec244ecdcac6577d0f365f6946
  original:
    git: https://github.com/imalsogreg/servant-reflex.git
    commit: 9310745a99c670ec244ecdcac6577d0f365f6946
snapshots:
- completed:
    size: 525663
    url: https://raw.githubusercontent.com/commercialhaskell/stackage-snapshots/master/lts/14/14.yaml
    sha256: 6edc48df46eb8bf7b861e98dd30d021a92c2e1820c9bb6528aac5d997b0e14ef
  original: lts-14.14
